
Microsoft Visual Studio Solution File, Format Version 12.00
# Visual Studio Version 16
VisualStudioVersion = 16.0.30804.86
MinimumVisualStudioVersion = 10.0.40219.1
Project("{888888A0-9F3D-457C-B088-3A5042F75D52}") = "tzcount", "tzcount\tzcount.pyproj", "{30714089-46A4-4415-B078-0A00C4497DC7}"
EndProject
Global
	GlobalSection(SolutionConfigurationPlatforms) = preSolution
		Debug|Any CPU = Debug|Any CPU
		Release|Any CPU = Release|Any CPU
	EndGlobalSection
	GlobalSection(ProjectConfigurationPlatforms) = postSolution
		{30714089-46A4-4415-B078-0A00C4497DC7}.Debug|Any CPU.ActiveCfg = Debug|Any CPU
		{30714089-46A4-4415-B078-0A00C4497DC7}.Release|Any CPU.ActiveCfg = Release|Any CPU
	EndGlobalSection
	GlobalSection(SolutionProperties) = preSolution
		HideSolutionNode = FALSE
	EndGlobalSection
	GlobalSection(ExtensibilityGlobals) = postSolution
		SolutionGuid = {0CC1D1AF-1080-4929-A71B-0D05D108C8C0}
	EndGlobalSection
EndGlobal
